// !$*UTF8*$!
{
	archiveVersion = 1;
	classes = {
	};
	objectVersion = 50;
	objects = {

/* Begin PBXBuildFile section */
		8ED73496222DC22B00495330 /* AppDelegate.swift in Sources */ = {isa = PBXBuildFile; fileRef = 8ED73495222DC22B00495330 /* AppDelegate.swift */; };
		8ED73498222DC22B00495330 /* ViewController.swift in Sources */ = {isa = PBXBuildFile; fileRef = 8ED73497222DC22B00495330 /* ViewController.swift */; };
		8ED7349B222DC22B00495330 /* Main.storyboard in Resources */ = {isa = PBXBuildFile; fileRef = 8ED73499222DC22B00495330 /* Main.storyboard */; };
		8ED7349D222DC22C00495330 /* Assets.xcassets in Resources */ = {isa = PBXBuildFile; fileRef = 8ED7349C222DC22C00495330 /* Assets.xcassets */; };
		8ED734A0222DC22C00495330 /* LaunchScreen.storyboard in Resources */ = {isa = PBXBuildFile; fileRef = 8ED7349E222DC22C00495330 /* LaunchScreen.storyboard */; };
		8ED734AB222DC22C00495330 /* Portfolio1Tests.swift in Sources */ = {isa = PBXBuildFile; fileRef = 8ED734AA222DC22C00495330 /* Portfolio1Tests.swift */; };
		8ED734B6222DC22C00495330 /* Portfolio1UITests.swift in Sources */ = {isa = PBXBuildFile; fileRef = 8ED734B5222DC22C00495330 /* Portfolio1UITests.swift */; };
/* End PBXBuildFile section */

/* Begin PBXContainerItemProxy section */
		8ED734A7222DC22C00495330 /* PBXContainerItemProxy */ = {
			isa = PBXContainerItemProxy;
			containerPortal = 8ED7348A222DC22B00495330 /* Project object */;
			proxyType = 1;
			remoteGlobalIDString = 8ED73491222DC22B00495330;
			remoteInfo = Portfolio1;
		};
		8ED734B2222DC22C00495330 /* PBXContainerItemProxy */ = {
			isa = PBXContainerItemProxy;
			containerPortal = 8ED7348A222DC22B00495330 /* Project object */;
			proxyType = 1;
			remoteGlobalIDString = 8ED73491222DC22B00495330;
			remoteInfo = Portfolio1;
		};
/* End PBXContainerItemProxy section */

/* Begin PBXFileReference section */
		8ED73492222DC22B00495330 /* Portfolio1.app */ = {isa = PBXFileReference; explicitFileType = wrapper.application; includeInIndex = 0; path = Portfolio1.app; sourceTree = BUILT_PRODUCTS_DIR; };
		8ED73495222DC22B00495330 /* AppDelegate.swift */ = {isa = PBXFileReference; lastKnownFileType = sourcecode.swift; path = AppDelegate.swift; sourceTree = "<group>"; };
		8ED73497222DC22B00495330 /* ViewController.swift */ = {isa = PBXFileReference; lastKnownFileType = sourcecode.swift; path = ViewController.swift; sourceTree = "<group>"; };
		8ED7349A222DC22B00495330 /* Base */ = {isa = PBXFileReference; lastKnownFileType = file.storyboard; name = Base; path = Base.lproj/Main.storyboard; sourceTree = "<group>"; };
		8ED7349C222DC22C00495330 /* Assets.xcassets */ = {isa = PBXFileReference; lastKnownFileType = folder.assetcatalog; path = Assets.xcassets; sourceTree = "<group>"; };
		8ED7349F222DC22C00495330 /* Base */ = {isa = PBXFileReference; lastKnownFileType = file.storyboard; name = Base; path = Base.lproj/LaunchScreen.storyboard; sourceTree = "<group>"; };
		8ED734A1222DC22C00495330 /* Info.plist */ = {isa = PBXFileReference; lastKnownFileType = text.plist.xml; path = Info.plist; sourceTree = "<group>"; };
		8ED734A6222DC22C00495330 /* Portfolio1Tests.xctest */ = {isa = PBXFileReference; explicitFileType = wrapper.cfbundle; includeInIndex = 0; path = Portfolio1Tests.xctest; sourceTree = BUILT_PRODUCTS_DIR; };
		8ED734AA222DC22C00495330 /* Portfolio1Tests.swift */ = {isa = PBXFileReference; lastKnownFileType = sourcecode.swift; path = Portfolio1Tests.swift; sourceTree = "<group>"; };
		8ED734AC222DC22C00495330 /* Info.plist */ = {isa = PBXFileReference; lastKnownFileType = text.plist.xml; path = Info.plist; sourceTree = "<group>"; };
		8ED734B1222DC22C00495330 /* Portfolio1UITests.xctest */ = {isa = PBXFileReference; explicitFileType = wrapper.cfbundle; includeInIndex = 0; path = Portfolio1UITests.xctest; sourceTree = BUILT_PRODUCTS_DIR; };
		8ED734B5222DC22C00495330 /* Portfolio1UITests.swift */ = {isa = PBXFileReference; lastKnownFileType = sourcecode.swift; path = Portfolio1UITests.swift; sourceTree = "<group>"; };
		8ED734B7222DC22C00495330 /* Info.plist */ = {isa = PBXFileReference; lastKnownFileType = text.plist.xml; path = Info.plist; sourceTree = "<group>"; };
/* End PBXFileReference section */

/* Begin PBXFrameworksBuildPhase section */
		8ED7348F222DC22B00495330 /* Frameworks */ = {
			isa = PBXFrameworksBuildPhase;
			buildActionMask = 2147483647;
			files = (
			);
			runOnlyForDeploymentPostprocessing = 0;
		};
		8ED734A3222DC22C00495330 /* Frameworks */ = {
			isa = PBXFrameworksBuildPhase;
			buildActionMask = 2147483647;
			files = (
			);
			runOnlyForDeploymentPostprocessing = 0;
		};
		8ED734AE222DC22C00495330 /* Frameworks */ = {
			isa = PBXFrameworksBuildPhase;
			buildActionMask = 2147483647;
			files = (
			);
			runOnlyForDeploymentPostprocessing = 0;
		};
/* End PBXFrameworksBuildPhase section */

/* Begin PBXGroup section */
		8ED73489222DC22B00495330 = {
			isa = PBXGroup;
			children = (
				8ED73494222DC22B00495330 /* Portfolio1 */,
				8ED734A9222DC22C00495330 /* Portfolio1Tests */,
				8ED734B4222DC22C00495330 /* Portfolio1UITests */,
				8ED73493222DC22B00495330 /* Products */,
			);
			sourceTree = "<group>";
		};
		8ED73493222DC22B00495330 /* Products */ = {
			isa = PBXGroup;
			children = (
				8ED73492222DC22B00495330 /* Portfolio1.app */,
				8ED734A6222DC22C00495330 /* Portfolio1Tests.xctest */,
				8ED734B1222DC22C00495330 /* Portfolio1UITests.xctest */,
			);
			name = Products;
			sourceTree = "<group>";
		};
		8ED73494222DC22B00495330 /* Portfolio1 */ = {
			isa = PBXGroup;
			children = (
				8ED73495222DC22B00495330 /* AppDelegate.swift */,
				8ED73497222DC22B00495330 /* ViewController.swift */,
				8ED73499222DC22B00495330 /* Main.storyboard */,
				8ED7349C222DC22C00495330 /* Assets.xcassets */,
				8ED7349E222DC22C00495330 /* LaunchScreen.storyboard */,
				8ED734A1222DC22C00495330 /* Info.plist */,
			);
			path = Portfolio1;
			sourceTree = "<group>";
		};
		8ED734A9222DC22C00495330 /* Portfolio1Tests */ = {
			isa = PBXGroup;
			children = (
				8ED734AA222DC22C00495330 /* Portfolio1Tests.swift */,
				8ED734AC222DC22C00495330 /* Info.plist */,
			);
			path = Portfolio1Tests;
			sourceTree = "<group>";
		};
		8ED734B4222DC22C00495330 /* Portfolio1UITests */ = {
			isa = PBXGroup;
			children = (
				8ED734B5222DC22C00495330 /* Portfolio1UITests.swift */,
				8ED734B7222DC22C00495330 /* Info.plist */,
			);
			path = Portfolio1UITests;
			sourceTree = "<group>";
		};
/* End PBXGroup section */

/* Begin PBXNativeTarget section */
		8ED73491222DC22B00495330 /* Portfolio1 */ = {
			isa = PBXNativeTarget;
			buildConfigurationList = 8ED734BA222DC22C00495330 /* Build configuration list for PBXNativeTarget "Portfolio1" */;
			buildPhases = (
				8ED7348E222DC22B00495330 /* Sources */,
				8ED7348F222DC22B00495330 /* Frameworks */,
				8ED73490222DC22B00495330 /* Resources */,
			);
			buildRules = (
			);
			dependencies = (
			);
			name = Portfolio1;
			productName = Portfolio1;
			productReference = 8ED73492222DC22B00495330 /* Portfolio1.app */;
			productType = "com.apple.product-type.application";
		};
		8ED734A5222DC22C00495330 /* Portfolio1Tests */ = {
			isa = PBXNativeTarget;
			buildConfigurationList = 8ED734BD222DC22C00495330 /* Build configuration list for PBXNativeTarget "Portfolio1Tests" */;
			buildPhases = (
				8ED734A2222DC22C00495330 /* Sources */,
				8ED734A3222DC22C00495330 /* Frameworks */,
				8ED734A4222DC22C00495330 /* Resources */,
			);
			buildRules = (
			);
			dependencies = (
				8ED734A8222DC22C00495330 /* PBXTargetDependency */,
			);
			name = Portfolio1Tests;
			productName = Portfolio1Tests;
			productReference = 8ED734A6222DC22C00495330 /* Portfolio1Tests.xctest */;
			productType = "com.apple.product-type.bundle.unit-test";
		};
		8ED734B0222DC22C00495330 /* Portfolio1UITests */ = {
			isa = PBXNativeTarget;
			buildConfigurationList = 8ED734C0222DC22C00495330 /* Build configuration list for PBXNativeTarget "Portfolio1UITests" */;
			buildPhases = (
				8ED734AD222DC22C00495330 /* Sources */,
				8ED734AE222DC22C00495330 /* Frameworks */,
				8ED734AF222DC22C00495330 /* Resources */,
			);
			buildRules = (
			);
			dependencies = (
				8ED734B3222DC22C00495330 /* PBXTargetDependency */,
			);
			name = Portfolio1UITests;
			productName = Portfolio1UITests;
			productReference = 8ED734B1222DC22C00495330 /* Portfolio1UITests.xctest */;
			productType = "com.apple.product-type.bundle.ui-testing";
		};
/* End PBXNativeTarget section */

/* Begin PBXProject section */
		8ED7348A222DC22B00495330 /* Project object */ = {
			isa = PBXProject;
			attributes = {
				LastSwiftUpdateCheck = 1010;
				LastUpgradeCheck = 1010;
				ORGANIZATIONNAME = "Piotr Zadka";
				TargetAttributes = {
					8ED73491222DC22B00495330 = {
						CreatedOnToolsVersion = 10.1;
					};
					8ED734A5222DC22C00495330 = {
						CreatedOnToolsVersion = 10.1;
						TestTargetID = 8ED73491222DC22B00495330;
					};
					8ED734B0222DC22C00495330 = {
						CreatedOnToolsVersion = 10.1;
						TestTargetID = 8ED73491222DC22B00495330;
					};
				};
			};
			buildConfigurationList = 8ED7348D222DC22B00495330 /* Build configuration list for PBXProject "Portfolio1" */;
			compatibilityVersion = "Xcode 9.3";
			developmentRegion = en;
			hasScannedForEncodings = 0;
			knownRegions = (
				en,
				Base,
			);
			mainGroup = 8ED73489222DC22B00495330;
			productRefGroup = 8ED73493222DC22B00495330 /* Products */;
			projectDirPath = "";
			projectRoot = "";
			targets = (
				8ED73491222DC22B00495330 /* Portfolio1 */,
				8ED734A5222DC22C00495330 /* Portfolio1Tests */,
				8ED734B0222DC22C00495330 /* Portfolio1UITests */,
			);
		};
/* End PBXProject section */

/* Begin PBXResourcesBuildPhase section */
		8ED73490222DC22B00495330 /* Resources */ = {
			isa = PBXResourcesBuildPhase;
			buildActionMask = 2147483647;
			files = (
				8ED734A0222DC22C00495330 /* LaunchScreen.storyboard in Resources */,
				8ED7349D222DC22C00495330 /* Assets.xcassets in Resources */,
				8ED7349B222DC22B00495330 /* Main.storyboard in Resources */,
			);
			runOnlyForDeploymentPostprocessing = 0;
		};
		8ED734A4222DC22C00495330 /* Resources */ = {
			isa = PBXResourcesBuildPhase;
			buildActionMask = 2147483647;
			files = (
			);
			runOnlyForDeploymentPostprocessing = 0;
		};
		8ED734AF222DC22C00495330 /* Resources */ = {
			isa = PBXResourcesBuildPhase;
			buildActionMask = 2147483647;
			files = (
			);
			runOnlyForDeploymentPostprocessing = 0;
		};
/* End PBXResourcesBuildPhase section */

/* Begin PBXSourcesBuildPhase section */
		8ED7348E222DC22B00495330 /* Sources */ = {
			isa = PBXSourcesBuildPhase;
			buildActionMask = 2147483647;
			files = (
				8ED73498222DC22B00495330 /* ViewController.swift in Sources */,
				8ED73496222DC22B00495330 /* AppDelegate.swift in Sources */,
			);
			runOnlyForDeploymentPostprocessing = 0;
		};
		8ED734A2222DC22C00495330 /* Sources */ = {
			isa = PBXSourcesBuildPhase;
			buildActionMask = 2147483647;
			files = (
				8ED734AB222DC22C00495330 /* Portfolio1Tests.swift in Sources */,
			);
			runOnlyForDeploymentPostprocessing = 0;
		};
		8ED734AD222DC22C00495330 /* Sources */ = {
			isa = PBXSourcesBuildPhase;
			buildActionMask = 2147483647;
			files = (
				8ED734B6222DC22C00495330 /* Portfolio1UITests.swift in Sources */,
			);
			runOnlyForDeploymentPostprocessing = 0;
		};
/* End PBXSourcesBuildPhase section */

/* Begin PBXTargetDependency section */
		8ED734A8222DC22C00495330 /* PBXTargetDependency */ = {
			isa = PBXTargetDependency;
			target = 8ED73491222DC22B00495330 /* Portfolio1 */;
			targetProxy = 8ED734A7222DC22C00495330 /* PBXContainerItemProxy */;
		};
		8ED734B3222DC22C00495330 /* PBXTargetDependency */ = {
			isa = PBXTargetDependency;
			target = 8ED73491222DC22B00495330 /* Portfolio1 */;
			targetProxy = 8ED734B2222DC22C00495330 /* PBXContainerItemProxy */;
		};
/* End PBXTargetDependency section */

/* Begin PBXVariantGroup section */
		8ED73499222DC22B00495330 /* Main.storyboard */ = {
			isa = PBXVariantGroup;
			children = (
				8ED7349A222DC22B00495330 /* Base */,
			);
			name = Main.storyboard;
			sourceTree = "<group>";
		};
		8ED7349E222DC22C00495330 /* LaunchScreen.storyboard */ = {
			isa = PBXVariantGroup;
			children = (
				8ED7349F222DC22C00495330 /* Base */,
			);
			name = LaunchScreen.storyboard;
			sourceTree = "<group>";
		};
/* End PBXVariantGroup section */

/* Begin XCBuildConfiguration section */
		8ED734B8222DC22C00495330 /* Debug */ = {
			isa = XCBuildConfiguration;
			buildSettings = {
				ALWAYS_SEARCH_USER_PATHS = NO;
				CLANG_ANALYZER_NONNULL = YES;
				CLANG_ANALYZER_NUMBER_OBJECT_CONVERSION = YES_AGGRESSIVE;
				CLANG_CXX_LANGUAGE_STANDARD = "gnu++14";
				CLANG_CXX_LIBRARY = "libc++";
				CLANG_ENABLE_MODULES = YES;
				CLANG_ENABLE_OBJC_ARC = YES;
				CLANG_ENABLE_OBJC_WEAK = YES;
				CLANG_WARN_BLOCK_CAPTURE_AUTORELEASING = YES;
				CLANG_WARN_BOOL_CONVERSION = YES;
				CLANG_WARN_COMMA = YES;
				CLANG_WARN_CONSTANT_CONVERSION = YES;
				CLANG_WARN_DEPRECATED_OBJC_IMPLEMENTATIONS = YES;
				CLANG_WARN_DIRECT_OBJC_ISA_USAGE = YES_ERROR;
				CLANG_WARN_DOCUMENTATION_COMMENTS = YES;
				CLANG_WARN_EMPTY_BODY = YES;
				CLANG_WARN_ENUM_CONVERSION = YES;
				CLANG_WARN_INFINITE_RECURSION = YES;
				CLANG_WARN_INT_CONVERSION = YES;
				CLANG_WARN_NON_LITERAL_NULL_CONVERSION = YES;
				CLANG_WARN_OBJC_IMPLICIT_RETAIN_SELF = YES;
				CLANG_WARN_OBJC_LITERAL_CONVERSION = YES;
				CLANG_WARN_OBJC_ROOT_CLASS = YES_ERROR;
				CLANG_WARN_RANGE_LOOP_ANALYSIS = YES;
				CLANG_WARN_STRICT_PROTOTYPES = YES;
				CLANG_WARN_SUSPICIOUS_MOVE = YES;
				CLANG_WARN_UNGUARDED_AVAILABILITY = YES_AGGRESSIVE;
				CLANG_WARN_UNREACHABLE_CODE = YES;
				CLANG_WARN__DUPLICATE_METHOD_MATCH = YES;
				CODE_SIGN_IDENTITY = "iPhone Developer";
				COPY_PHASE_STRIP = NO;
				DEBUG_INFORMATION_FORMAT = dwarf;
				ENABLE_STRICT_OBJC_MSGSEND = YES;
				ENABLE_TESTABILITY = YES;
				GCC_C_LANGUAGE_STANDARD = gnu11;
				GCC_DYNAMIC_NO_PIC = NO;
				GCC_NO_COMMON_BLOCKS = YES;
				GCC_OPTIMIZATION_LEVEL = 0;
				GCC_PREPROCESSOR_DEFINITIONS = (
					"DEBUG=1",
					"$(inherited)",
				);
				GCC_WARN_64_TO_32_BIT_CONVERSION = YES;
				GCC_WARN_ABOUT_RETURN_TYPE = YES_ERROR;
				GCC_WARN_UNDECLARED_SELECTOR = YES;
				GCC_WARN_UNINITIALIZED_AUTOS = YES_AGGRESSIVE;
				GCC_WARN_UNUSED_FUNCTION = YES;
				GCC_WARN_UNUSED_VARIABLE = YES;
				IPHONEOS_DEPLOYMENT_TARGET = 12.1;
				MTL_ENABLE_DEBUG_INFO = INCLUDE_SOURCE;
				MTL_FAST_MATH = YES;
				ONLY_ACTIVE_ARCH = YES;
				SDKROOT = iphoneos;
				SWIFT_ACTIVE_COMPILATION_CONDITIONS = DEBUG;
				SWIFT_OPTIMIZATION_LEVEL = "-Onone";
			};
			name = Debug;
		};
		8ED734B9222DC22C00495330 /* Release */ = {
			isa = XCBuildConfiguration;
			buildSettings = {
				ALWAYS_SEARCH_USER_PATHS = NO;
				CLANG_ANALYZER_NONNULL = YES;
				CLANG_ANALYZER_NUMBER_OBJECT_CONVERSION = YES_AGGRESSIVE;
				CLANG_CXX_LANGUAGE_STANDARD = "gnu++14";
				CLANG_CXX_LIBRARY = "libc++";
				CLANG_ENABLE_MODULES = YES;
				CLANG_ENABLE_OBJC_ARC = YES;
				CLANG_ENABLE_OBJC_WEAK = YES;
				CLANG_WARN_BLOCK_CAPTURE_AUTORELEASING = YES;
				CLANG_WARN_BOOL_CONVERSION = YES;
				CLANG_WARN_COMMA = YES;
				CLANG_WARN_CONSTANT_CONVERSION = YES;
				CLANG_WARN_DEPRECATED_OBJC_IMPLEMENTATIONS = YES;
				CLANG_WARN_DIRECT_OBJC_ISA_USAGE = YES_ERROR;
				CLANG_WARN_DOCUMENTATION_COMMENTS = YES;
				CLANG_WARN_EMPTY_BODY = YES;
				CLANG_WARN_ENUM_CONVERSION = YES;
				CLANG_WARN_INFINITE_RECURSION = YES;
				CLANG_WARN_INT_CONVERSION = YES;
				CLANG_WARN_NON_LITERAL_NULL_CONVERSION = YES;
				CLANG_WARN_OBJC_IMPLICIT_RETAIN_SELF = YES;
				CLANG_WARN_OBJC_LITERAL_CONVERSION = YES;
				CLANG_WARN_OBJC_ROOT_CLASS = YES_ERROR;
				CLANG_WARN_RANGE_LOOP_ANALYSIS = YES;
				CLANG_WARN_STRICT_PROTOTYPES = YES;
				CLANG_WARN_SUSPICIOUS_MOVE = YES;
				CLANG_WARN_UNGUARDED_AVAILABILITY = YES_AGGRESSIVE;
				CLANG_WARN_UNREACHABLE_CODE = YES;
				CLANG_WARN__DUPLICATE_METHOD_MATCH = YES;
				CODE_SIGN_IDENTITY = "iPhone Developer";
				COPY_PHASE_STRIP = NO;
				DEBUG_INFORMATION_FORMAT = "dwarf-with-dsym";
				ENABLE_NS_ASSERTIONS = NO;
				ENABLE_STRICT_OBJC_MSGSEND = YES;
				GCC_C_LANGUAGE_STANDARD = gnu11;
				GCC_NO_COMMON_BLOCKS = YES;
				GCC_WARN_64_TO_32_BIT_CONVERSION = YES;
				GCC_WARN_ABOUT_RETURN_TYPE = YES_ERROR;
				GCC_WARN_UNDECLARED_SELECTOR = YES;
				GCC_WARN_UNINITIALIZED_AUTOS = YES_AGGRESSIVE;
				GCC_WARN_UNUSED_FUNCTION = YES;
				GCC_WARN_UNUSED_VARIABLE = YES;
				IPHONEOS_DEPLOYMENT_TARGET = 12.1;
				MTL_ENABLE_DEBUG_INFO = NO;
				MTL_FAST_MATH = YES;
				SDKROOT = iphoneos;
				SWIFT_COMPILATION_MODE = wholemodule;
				SWIFT_OPTIMIZATION_LEVEL = "-O";
				VALIDATE_PRODUCT = YES;
			};
			name = Release;
		};
		8ED734BB222DC22C00495330 /* Debug */ = {
			isa = XCBuildConfiguration;
			buildSettings = {
				ASSETCATALOG_COMPILER_APPICON_NAME = AppIcon;
				CODE_SIGN_STYLE = Automatic;
				INFOPLIST_FILE = Portfolio1/Info.plist;
				LD_RUNPATH_SEARCH_PATHS = (
					"$(inherited)",
					"@executable_path/Frameworks",
				);
				PRODUCT_BUNDLE_IDENTIFIER = piotr.zadka.Portfolio1;
				PRODUCT_NAME = "$(TARGET_NAME)";
				SWIFT_VERSION = 4.2;
				TARGETED_DEVICE_FAMILY = "1,2";
			};
			name = Debug;
		};
		8ED734BC222DC22C00495330 /* Release */ = {
			isa = XCBuildConfiguration;
			buildSettings = {
				ASSETCATALOG_COMPILER_APPICON_NAME = AppIcon;
				CODE_SIGN_STYLE = Automatic;
				INFOPLIST_FILE = Portfolio1/Info.plist;
				LD_RUNPATH_SEARCH_PATHS = (
					"$(inherited)",
					"@executable_path/Frameworks",
				);
				PRODUCT_BUNDLE_IDENTIFIER = piotr.zadka.Portfolio1;
				PRODUCT_NAME = "$(TARGET_NAME)";
				SWIFT_VERSION = 4.2;
				TARGETED_DEVICE_FAMILY = "1,2";
			};
			name = Release;
		};
		8ED734BE222DC22C00495330 /* Debug */ = {
			isa = XCBuildConfiguration;
			buildSettings = {
				ALWAYS_EMBED_SWIFT_STANDARD_LIBRARIES = YES;
				BUNDLE_LOADER = "$(TEST_HOST)";
				CODE_SIGN_STYLE = Automatic;
				INFOPLIST_FILE = Portfolio1Tests/Info.plist;
				LD_RUNPATH_SEARCH_PATHS = (
					"$(inherited)",
					"@executable_path/Frameworks",
					"@loader_path/Frameworks",
				);
				PRODUCT_BUNDLE_IDENTIFIER = piotr.zadka.Portfolio1Tests;
				PRODUCT_NAME = "$(TARGET_NAME)";
				SWIFT_VERSION = 4.2;
				TARGETED_DEVICE_FAMILY = "1,2";
				TEST_HOST = "$(BUILT_PRODUCTS_DIR)/Portfolio1.app/Portfolio1";
			};
			name = Debug;
		};
		8ED734BF222DC22C00495330 /* Release */ = {
			isa = XCBuildConfiguration;
			buildSettings = {
				ALWAYS_EMBED_SWIFT_STANDARD_LIBRARIES = YES;
				BUNDLE_LOADER = "$(TEST_HOST)";
				CODE_SIGN_STYLE = Automatic;
				INFOPLIST_FILE = Portfolio1Tests/Info.plist;
				LD_RUNPATH_SEARCH_PATHS = (
					"$(inherited)",
					"@executable_path/Frameworks",
					"@loader_path/Frameworks",
				);
				PRODUCT_BUNDLE_IDENTIFIER = piotr.zadka.Portfolio1Tests;
				PRODUCT_NAME = "$(TARGET_NAME)";
				SWIFT_VERSION = 4.2;
				TARGETED_DEVICE_FAMILY = "1,2";
				TEST_HOST = "$(BUILT_PRODUCTS_DIR)/Portfolio1.app/Portfolio1";
			};
			name = Release;
		};
		8ED734C1222DC22C00495330 /* Debug */ = {
			isa = XCBuildConfiguration;
			buildSettings = {
				ALWAYS_EMBED_SWIFT_STANDARD_LIBRARIES = YES;
				CODE_SIGN_STYLE = Automatic;
				INFOPLIST_FILE = Portfolio1UITests/Info.plist;
				LD_RUNPATH_SEARCH_PATHS = (
					"$(inherited)",
					"@executable_path/Frameworks",
					"@loader_path/Frameworks",
				);
				PRODUCT_BUNDLE_IDENTIFIER = piotr.zadka.Portfolio1UITests;
				PRODUCT_NAME = "$(TARGET_NAME)";
				SWIFT_VERSION = 4.2;
				TARGETED_DEVICE_FAMILY = "1,2";
				TEST_TARGET_NAME = Portfolio1;
			};
			name = Debug;
		};
		8ED734C2222DC22C00495330 /* Release */ = {
			isa = XCBuildConfiguration;
			buildSettings = {
				ALWAYS_EMBED_SWIFT_STANDARD_LIBRARIES = YES;
				CODE_SIGN_STYLE = Automatic;
				INFOPLIST_FILE = Portfolio1UITests/Info.plist;
				LD_RUNPATH_SEARCH_PATHS = (
					"$(inherited)",
					"@executable_path/Frameworks",
					"@loader_path/Frameworks",
				);
				PRODUCT_BUNDLE_IDENTIFIER = piotr.zadka.Portfolio1UITests;
				PRODUCT_NAME = "$(TARGET_NAME)";
				SWIFT_VERSION = 4.2;
				TARGETED_DEVICE_FAMILY = "1,2";
				TEST_TARGET_NAME = Portfolio1;
			};
			name = Release;
		};
/* End XCBuildConfiguration section */

/* Begin XCConfigurationList section */
		8ED7348D222DC22B00495330 /* Build configuration list for PBXProject "Portfolio1" */ = {
			isa = XCConfigurationList;
			buildConfigurations = (
				8ED734B8222DC22C00495330 /* Debug */,
				8ED734B9222DC22C00495330 /* Release */,
			);
			defaultConfigurationIsVisible = 0;
			defaultConfigurationName = Release;
		};
		8ED734BA222DC22C00495330 /* Build configuration list for PBXNativeTarget "Portfolio1" */ = {
			isa = XCConfigurationList;
			buildConfigurations = (
				8ED734BB222DC22C00495330 /* Debug */,
				8ED734BC222DC22C00495330 /* Release */,
			);
			defaultConfigurationIsVisible = 0;
			defaultConfigurationName = Release;
		};
		8ED734BD222DC22C00495330 /* Build configuration list for PBXNativeTarget "Portfolio1Tests" */ = {
			isa = XCConfigurationList;
			buildConfigurations = (
				8ED734BE222DC22C00495330 /* Debug */,
				8ED734BF222DC22C00495330 /* Release */,
			);
			defaultConfigurationIsVisible = 0;
			defaultConfigurationName = Release;
		};
		8ED734C0222DC22C00495330 /* Build configuration list for PBXNativeTarget "Portfolio1UITests" */ = {
			isa = XCConfigurationList;
			buildConfigurations = (
				8ED734C1222DC22C00495330 /* Debug */,
				8ED734C2222DC22C00495330 /* Release */,
			);
			defaultConfigurationIsVisible = 0;
			defaultConfigurationName = Release;
		};
/* End XCConfigurationList section */
	};
	rootObject = 8ED7348A222DC22B00495330 /* Project object */;
}
